
Microsoft Visual Studio Solution File, Format Version 12.00
# Visual Studio 15
VisualStudioVersion = 15.0.26730.10
MinimumVisualStudioVersion = 10.0.40219.1
Project("{FAE04EC0-301F-11D3-BF4B-00C04F79EFBC}") = "SmartNode_V_2", "SmartNode\SmartNode_V_2.csproj", "{267D28D8-0744-4CE0-88A2-01C94C8A5F0C}"
EndProject
Global
	GlobalSection(SolutionConfigurationPlatforms) = preSolution
		Debug|Any CPU = Debug|Any CPU
		Release|Any CPU = Release|Any CPU
	EndGlobalSection
	GlobalSection(ProjectConfigurationPlatforms) = postSolution
		{267D28D8-0744-4CE0-88A2-01C94C8A5F0C}.Debug|Any CPU.ActiveCfg = Debug|Any CPU
		{267D28D8-0744-4CE0-88A2-01C94C8A5F0C}.Debug|Any CPU.Build.0 = Debug|Any CPU
		{267D28D8-0744-4CE0-88A2-01C94C8A5F0C}.Release|Any CPU.ActiveCfg = Release|Any CPU
		{267D28D8-0744-4CE0-88A2-01C94C8A5F0C}.Release|Any CPU.Build.0 = Release|Any CPU
	EndGlobalSection
	GlobalSection(SolutionProperties) = preSolution
		HideSolutionNode = FALSE
	EndGlobalSection
	GlobalSection(ExtensibilityGlobals) = postSolution
		SolutionGuid = {8DFE8C97-7284-4051-B931-DF254C11DEA2}
	EndGlobalSection
EndGlobal
